// !$*UTF8*$!
{
	archiveVersion = 1;
	classes = {
	};
	objectVersion = 56;
	objects = {

/* Begin PBXBuildFile section */
		7F5542A02BFE886F00FEA7B4 /* ToDoListAppApp.swift in Sources */ = {isa = PBXBuildFile; fileRef = 7F55429F2BFE886F00FEA7B4 /* ToDoListAppApp.swift */; };
		7F5542A22BFE886F00FEA7B4 /* MainView.swift in Sources */ = {isa = PBXBuildFile; fileRef = 7F5542A12BFE886F00FEA7B4 /* MainView.swift */; };
		7F5542A42BFE887100FEA7B4 /* Assets.xcassets in Resources */ = {isa = PBXBuildFile; fileRef = 7F5542A32BFE887100FEA7B4 /* Assets.xcassets */; };
		7F5542A72BFE887100FEA7B4 /* Preview Assets.xcassets in Resources */ = {isa = PBXBuildFile; fileRef = 7F5542A62BFE887100FEA7B4 /* Preview Assets.xcassets */; };
		7F5542B12BFE887100FEA7B4 /* ToDoListAppTests.swift in Sources */ = {isa = PBXBuildFile; fileRef = 7F5542B02BFE887100FEA7B4 /* ToDoListAppTests.swift */; };
		7F5542BB2BFE887100FEA7B4 /* ToDoListAppUITests.swift in Sources */ = {isa = PBXBuildFile; fileRef = 7F5542BA2BFE887100FEA7B4 /* ToDoListAppUITests.swift */; };
		7F5542BD2BFE887100FEA7B4 /* ToDoListAppUITestsLaunchTests.swift in Sources */ = {isa = PBXBuildFile; fileRef = 7F5542BC2BFE887100FEA7B4 /* ToDoListAppUITestsLaunchTests.swift */; };
		7F5542CC2BFE8B7100FEA7B4 /* GoogleService-Info.plist in Resources */ = {isa = PBXBuildFile; fileRef = 7F5542CB2BFE8B7100FEA7B4 /* GoogleService-Info.plist */; };
		7F5542CF2C01198600FEA7B4 /* FirebaseAnalytics in Frameworks */ = {isa = PBXBuildFile; productRef = 7F5542CE2C01198600FEA7B4 /* FirebaseAnalytics */; };
		7F5542D12C01198600FEA7B4 /* FirebaseAnalyticsOnDeviceConversion in Frameworks */ = {isa = PBXBuildFile; productRef = 7F5542D02C01198600FEA7B4 /* FirebaseAnalyticsOnDeviceConversion */; };
		7F5542D32C01198600FEA7B4 /* FirebaseAnalyticsSwift in Frameworks */ = {isa = PBXBuildFile; productRef = 7F5542D22C01198600FEA7B4 /* FirebaseAnalyticsSwift */; };
		7F5542D52C01198600FEA7B4 /* FirebaseAnalyticsWithoutAdIdSupport in Frameworks */ = {isa = PBXBuildFile; productRef = 7F5542D42C01198600FEA7B4 /* FirebaseAnalyticsWithoutAdIdSupport */; };
		7F5542D72C01198600FEA7B4 /* FirebaseAppCheck in Frameworks */ = {isa = PBXBuildFile; productRef = 7F5542D62C01198600FEA7B4 /* FirebaseAppCheck */; };
		7F5542D92C01198600FEA7B4 /* FirebaseAppDistribution-Beta in Frameworks */ = {isa = PBXBuildFile; productRef = 7F5542D82C01198600FEA7B4 /* FirebaseAppDistribution-Beta */; };
		7F5542DB2C01198600FEA7B4 /* FirebaseAuth in Frameworks */ = {isa = PBXBuildFile; productRef = 7F5542DA2C01198600FEA7B4 /* FirebaseAuth */; };
		7F5542DD2C01198600FEA7B4 /* FirebaseAuthCombine-Community in Frameworks */ = {isa = PBXBuildFile; productRef = 7F5542DC2C01198600FEA7B4 /* FirebaseAuthCombine-Community */; };
		7F5542DF2C01198600FEA7B4 /* FirebaseCrashlytics in Frameworks */ = {isa = PBXBuildFile; productRef = 7F5542DE2C01198600FEA7B4 /* FirebaseCrashlytics */; };
		7F5542E12C01198600FEA7B4 /* FirebaseDatabase in Frameworks */ = {isa = PBXBuildFile; productRef = 7F5542E02C01198600FEA7B4 /* FirebaseDatabase */; };
		7F5542E32C01198600FEA7B4 /* FirebaseDatabaseSwift in Frameworks */ = {isa = PBXBuildFile; productRef = 7F5542E22C01198600FEA7B4 /* FirebaseDatabaseSwift */; };
		7F5542E52C01198600FEA7B4 /* FirebaseDynamicLinks in Frameworks */ = {isa = PBXBuildFile; productRef = 7F5542E42C01198600FEA7B4 /* FirebaseDynamicLinks */; };
		7F5542E72C01198600FEA7B4 /* FirebaseFirestore in Frameworks */ = {isa = PBXBuildFile; productRef = 7F5542E62C01198600FEA7B4 /* FirebaseFirestore */; };
		7F5542E92C01198600FEA7B4 /* FirebaseFirestoreCombine-Community in Frameworks */ = {isa = PBXBuildFile; productRef = 7F5542E82C01198600FEA7B4 /* FirebaseFirestoreCombine-Community */; };
		7F5542EB2C01198600FEA7B4 /* FirebaseFirestoreSwift in Frameworks */ = {isa = PBXBuildFile; productRef = 7F5542EA2C01198600FEA7B4 /* FirebaseFirestoreSwift */; };
		7F5542ED2C01198600FEA7B4 /* FirebaseFunctions in Frameworks */ = {isa = PBXBuildFile; productRef = 7F5542EC2C01198600FEA7B4 /* FirebaseFunctions */; };
		7F5542EF2C01198600FEA7B4 /* FirebaseFunctionsCombine-Community in Frameworks */ = {isa = PBXBuildFile; productRef = 7F5542EE2C01198600FEA7B4 /* FirebaseFunctionsCombine-Community */; };
		7F5542F12C01198600FEA7B4 /* FirebaseInAppMessaging-Beta in Frameworks */ = {isa = PBXBuildFile; productRef = 7F5542F02C01198600FEA7B4 /* FirebaseInAppMessaging-Beta */; };
		7F5542F32C01198600FEA7B4 /* FirebaseInAppMessagingSwift-Beta in Frameworks */ = {isa = PBXBuildFile; productRef = 7F5542F22C01198600FEA7B4 /* FirebaseInAppMessagingSwift-Beta */; };
		7F5542F52C01198600FEA7B4 /* FirebaseInstallations in Frameworks */ = {isa = PBXBuildFile; productRef = 7F5542F42C01198600FEA7B4 /* FirebaseInstallations */; };
		7F5542F72C01198600FEA7B4 /* FirebaseMLModelDownloader in Frameworks */ = {isa = PBXBuildFile; productRef = 7F5542F62C01198600FEA7B4 /* FirebaseMLModelDownloader */; };
		7F5542F92C01198600FEA7B4 /* FirebaseMessaging in Frameworks */ = {isa = PBXBuildFile; productRef = 7F5542F82C01198600FEA7B4 /* FirebaseMessaging */; };
		7F5542FB2C01198600FEA7B4 /* FirebasePerformance in Frameworks */ = {isa = PBXBuildFile; productRef = 7F5542FA2C01198600FEA7B4 /* FirebasePerformance */; };
		7F5542FD2C01198600FEA7B4 /* FirebaseRemoteConfig in Frameworks */ = {isa = PBXBuildFile; productRef = 7F5542FC2C01198600FEA7B4 /* FirebaseRemoteConfig */; };
		7F5542FF2C01198600FEA7B4 /* FirebaseRemoteConfigSwift in Frameworks */ = {isa = PBXBuildFile; productRef = 7F5542FE2C01198600FEA7B4 /* FirebaseRemoteConfigSwift */; };
		7F5543012C01198600FEA7B4 /* FirebaseStorage in Frameworks */ = {isa = PBXBuildFile; productRef = 7F5543002C01198600FEA7B4 /* FirebaseStorage */; };
		7F5543032C01198600FEA7B4 /* FirebaseStorageCombine-Community in Frameworks */ = {isa = PBXBuildFile; productRef = 7F5543022C01198600FEA7B4 /* FirebaseStorageCombine-Community */; };
		7F5543052C01198600FEA7B4 /* FirebaseVertexAI-Preview in Frameworks */ = {isa = PBXBuildFile; productRef = 7F5543042C01198600FEA7B4 /* FirebaseVertexAI-Preview */; };
		7F55430B2C011E7D00FEA7B4 /* ProfilView.swift in Sources */ = {isa = PBXBuildFile; fileRef = 7F55430A2C011E7D00FEA7B4 /* ProfilView.swift */; };
		7F55430D2C011E9700FEA7B4 /* ToDoListItemView.swift in Sources */ = {isa = PBXBuildFile; fileRef = 7F55430C2C011E9700FEA7B4 /* ToDoListItemView.swift */; };
		7F55430F2C011EB400FEA7B4 /* NewItemView.swift in Sources */ = {isa = PBXBuildFile; fileRef = 7F55430E2C011EB400FEA7B4 /* NewItemView.swift */; };
		7F5543112C011EBE00FEA7B4 /* LoginView.swift in Sources */ = {isa = PBXBuildFile; fileRef = 7F5543102C011EBE00FEA7B4 /* LoginView.swift */; };
		7F5543132C011EC700FEA7B4 /* RegisterView.swift in Sources */ = {isa = PBXBuildFile; fileRef = 7F5543122C011EC700FEA7B4 /* RegisterView.swift */; };
		7F5543152C011F1300FEA7B4 /* ToDoListView.swift in Sources */ = {isa = PBXBuildFile; fileRef = 7F5543142C011F1300FEA7B4 /* ToDoListView.swift */; };
		7F5543172C011F4A00FEA7B4 /* User.swift in Sources */ = {isa = PBXBuildFile; fileRef = 7F5543162C011F4A00FEA7B4 /* User.swift */; };
		7F5543192C011F6100FEA7B4 /* ToDoListItem.swift in Sources */ = {isa = PBXBuildFile; fileRef = 7F5543182C011F6100FEA7B4 /* ToDoListItem.swift */; };
		7F55431B2C011FB100FEA7B4 /* MainViewViewModel.swift in Sources */ = {isa = PBXBuildFile; fileRef = 7F55431A2C011FB100FEA7B4 /* MainViewViewModel.swift */; };
		7F55431D2C011FC400FEA7B4 /* ProfilViewViewModel.swift in Sources */ = {isa = PBXBuildFile; fileRef = 7F55431C2C011FC400FEA7B4 /* ProfilViewViewModel.swift */; };
		7F55431F2C011FD800FEA7B4 /* ToDoListItemViewViewModel.swift in Sources */ = {isa = PBXBuildFile; fileRef = 7F55431E2C011FD800FEA7B4 /* ToDoListItemViewViewModel.swift */; };
		7F5543212C011FED00FEA7B4 /* NewItemViewViewModel.swift in Sources */ = {isa = PBXBuildFile; fileRef = 7F5543202C011FED00FEA7B4 /* NewItemViewViewModel.swift */; };
		7F5543232C011FFD00FEA7B4 /* LoginViewViewModel.swift in Sources */ = {isa = PBXBuildFile; fileRef = 7F5543222C011FFD00FEA7B4 /* LoginViewViewModel.swift */; };
		7F5543252C01200A00FEA7B4 /* RegisterViewViewModel.swift in Sources */ = {isa = PBXBuildFile; fileRef = 7F5543242C01200A00FEA7B4 /* RegisterViewViewModel.swift */; };
		7F5543272C01201C00FEA7B4 /* ToDoListViewViewModel.swift in Sources */ = {isa = PBXBuildFile; fileRef = 7F5543262C01201C00FEA7B4 /* ToDoListViewViewModel.swift */; };
		7F5543292C01289200FEA7B4 /* HeaderView.swift in Sources */ = {isa = PBXBuildFile; fileRef = 7F5543282C01289200FEA7B4 /* HeaderView.swift */; };
		7F55432B2C03D05400FEA7B4 /* TLButton.swift in Sources */ = {isa = PBXBuildFile; fileRef = 7F55432A2C03D05400FEA7B4 /* TLButton.swift */; };
		7F55432D2C05185000FEA7B4 /* Extensions.swift in Sources */ = {isa = PBXBuildFile; fileRef = 7F55432C2C05185000FEA7B4 /* Extensions.swift */; };
/* End PBXBuildFile section */

/* Begin PBXContainerItemProxy section */
		7F5542AD2BFE887100FEA7B4 /* PBXContainerItemProxy */ = {
			isa = PBXContainerItemProxy;
			containerPortal = 7F5542942BFE886F00FEA7B4 /* Project object */;
			proxyType = 1;
			remoteGlobalIDString = 7F55429B2BFE886F00FEA7B4;
			remoteInfo = ToDoListApp;
		};
		7F5542B72BFE887100FEA7B4 /* PBXContainerItemProxy */ = {
			isa = PBXContainerItemProxy;
			containerPortal = 7F5542942BFE886F00FEA7B4 /* Project object */;
			proxyType = 1;
			remoteGlobalIDString = 7F55429B2BFE886F00FEA7B4;
			remoteInfo = ToDoListApp;
		};
/* End PBXContainerItemProxy section */

/* Begin PBXFileReference section */
		7F55429C2BFE886F00FEA7B4 /* ToDoListApp.app */ = {isa = PBXFileReference; explicitFileType = wrapper.application; includeInIndex = 0; path = ToDoListApp.app; sourceTree = BUILT_PRODUCTS_DIR; };
		7F55429F2BFE886F00FEA7B4 /* ToDoListAppApp.swift */ = {isa = PBXFileReference; lastKnownFileType = sourcecode.swift; path = ToDoListAppApp.swift; sourceTree = "<group>"; };
		7F5542A12BFE886F00FEA7B4 /* MainView.swift */ = {isa = PBXFileReference; lastKnownFileType = sourcecode.swift; path = MainView.swift; sourceTree = "<group>"; };
		7F5542A32BFE887100FEA7B4 /* Assets.xcassets */ = {isa = PBXFileReference; lastKnownFileType = folder.assetcatalog; path = Assets.xcassets; sourceTree = "<group>"; };
		7F5542A62BFE887100FEA7B4 /* Preview Assets.xcassets */ = {isa = PBXFileReference; lastKnownFileType = folder.assetcatalog; path = "Preview Assets.xcassets"; sourceTree = "<group>"; };
		7F5542AC2BFE887100FEA7B4 /* ToDoListAppTests.xctest */ = {isa = PBXFileReference; explicitFileType = wrapper.cfbundle; includeInIndex = 0; path = ToDoListAppTests.xctest; sourceTree = BUILT_PRODUCTS_DIR; };
		7F5542B02BFE887100FEA7B4 /* ToDoListAppTests.swift */ = {isa = PBXFileReference; lastKnownFileType = sourcecode.swift; path = ToDoListAppTests.swift; sourceTree = "<group>"; };
		7F5542B62BFE887100FEA7B4 /* ToDoListAppUITests.xctest */ = {isa = PBXFileReference; explicitFileType = wrapper.cfbundle; includeInIndex = 0; path = ToDoListAppUITests.xctest; sourceTree = BUILT_PRODUCTS_DIR; };
		7F5542BA2BFE887100FEA7B4 /* ToDoListAppUITests.swift */ = {isa = PBXFileReference; lastKnownFileType = sourcecode.swift; path = ToDoListAppUITests.swift; sourceTree = "<group>"; };
		7F5542BC2BFE887100FEA7B4 /* ToDoListAppUITestsLaunchTests.swift */ = {isa = PBXFileReference; lastKnownFileType = sourcecode.swift; path = ToDoListAppUITestsLaunchTests.swift; sourceTree = "<group>"; };
		7F5542CB2BFE8B7100FEA7B4 /* GoogleService-Info.plist */ = {isa = PBXFileReference; fileEncoding = 4; lastKnownFileType = text.plist.xml; path = "GoogleService-Info.plist"; sourceTree = "<group>"; };
		7F55430A2C011E7D00FEA7B4 /* ProfilView.swift */ = {isa = PBXFileReference; lastKnownFileType = sourcecode.swift; path = ProfilView.swift; sourceTree = "<group>"; };
		7F55430C2C011E9700FEA7B4 /* ToDoListItemView.swift */ = {isa = PBXFileReference; lastKnownFileType = sourcecode.swift; path = ToDoListItemView.swift; sourceTree = "<group>"; };
		7F55430E2C011EB400FEA7B4 /* NewItemView.swift */ = {isa = PBXFileReference; lastKnownFileType = sourcecode.swift; path = NewItemView.swift; sourceTree = "<group>"; };
		7F5543102C011EBE00FEA7B4 /* LoginView.swift */ = {isa = PBXFileReference; lastKnownFileType = sourcecode.swift; path = LoginView.swift; sourceTree = "<group>"; };
		7F5543122C011EC700FEA7B4 /* RegisterView.swift */ = {isa = PBXFileReference; lastKnownFileType = sourcecode.swift; path = RegisterView.swift; sourceTree = "<group>"; };
		7F5543142C011F1300FEA7B4 /* ToDoListView.swift */ = {isa = PBXFileReference; lastKnownFileType = sourcecode.swift; path = ToDoListView.swift; sourceTree = "<group>"; };
		7F5543162C011F4A00FEA7B4 /* User.swift */ = {isa = PBXFileReference; lastKnownFileType = sourcecode.swift; path = User.swift; sourceTree = "<group>"; };
		7F5543182C011F6100FEA7B4 /* ToDoListItem.swift */ = {isa = PBXFileReference; lastKnownFileType = sourcecode.swift; path = ToDoListItem.swift; sourceTree = "<group>"; };
		7F55431A2C011FB100FEA7B4 /* MainViewViewModel.swift */ = {isa = PBXFileReference; lastKnownFileType = sourcecode.swift; path = MainViewViewModel.swift; sourceTree = "<group>"; };
		7F55431C2C011FC400FEA7B4 /* ProfilViewViewModel.swift */ = {isa = PBXFileReference; lastKnownFileType = sourcecode.swift; path = ProfilViewViewModel.swift; sourceTree = "<group>"; };
		7F55431E2C011FD800FEA7B4 /* ToDoListItemViewViewModel.swift */ = {isa = PBXFileReference; lastKnownFileType = sourcecode.swift; path = ToDoListItemViewViewModel.swift; sourceTree = "<group>"; };
		7F5543202C011FED00FEA7B4 /* NewItemViewViewModel.swift */ = {isa = PBXFileReference; lastKnownFileType = sourcecode.swift; path = NewItemViewViewModel.swift; sourceTree = "<group>"; };
		7F5543222C011FFD00FEA7B4 /* LoginViewViewModel.swift */ = {isa = PBXFileReference; lastKnownFileType = sourcecode.swift; path = LoginViewViewModel.swift; sourceTree = "<group>"; };
		7F5543242C01200A00FEA7B4 /* RegisterViewViewModel.swift */ = {isa = PBXFileReference; lastKnownFileType = sourcecode.swift; path = RegisterViewViewModel.swift; sourceTree = "<group>"; };
		7F5543262C01201C00FEA7B4 /* ToDoListViewViewModel.swift */ = {isa = PBXFileReference; lastKnownFileType = sourcecode.swift; path = ToDoListViewViewModel.swift; sourceTree = "<group>"; };
		7F5543282C01289200FEA7B4 /* HeaderView.swift */ = {isa = PBXFileReference; lastKnownFileType = sourcecode.swift; path = HeaderView.swift; sourceTree = "<group>"; };
		7F55432A2C03D05400FEA7B4 /* TLButton.swift */ = {isa = PBXFileReference; lastKnownFileType = sourcecode.swift; path = TLButton.swift; sourceTree = "<group>"; };
		7F55432C2C05185000FEA7B4 /* Extensions.swift */ = {isa = PBXFileReference; lastKnownFileType = sourcecode.swift; path = Extensions.swift; sourceTree = "<group>"; };
/* End PBXFileReference section */

/* Begin PBXFrameworksBuildPhase section */
		7F5542992BFE886F00FEA7B4 /* Frameworks */ = {
			isa = PBXFrameworksBuildPhase;
			buildActionMask = 2147483647;
			files = (
				7F5542E12C01198600FEA7B4 /* FirebaseDatabase in Frameworks */,
				7F5542EF2C01198600FEA7B4 /* FirebaseFunctionsCombine-Community in Frameworks */,
				7F5542E72C01198600FEA7B4 /* FirebaseFirestore in Frameworks */,
				7F5542D32C01198600FEA7B4 /* FirebaseAnalyticsSwift in Frameworks */,
				7F5542CF2C01198600FEA7B4 /* FirebaseAnalytics in Frameworks */,
				7F5542D12C01198600FEA7B4 /* FirebaseAnalyticsOnDeviceConversion in Frameworks */,
				7F5542F72C01198600FEA7B4 /* FirebaseMLModelDownloader in Frameworks */,
				7F5542EB2C01198600FEA7B4 /* FirebaseFirestoreSwift in Frameworks */,
				7F5542D72C01198600FEA7B4 /* FirebaseAppCheck in Frameworks */,
				7F5542D52C01198600FEA7B4 /* FirebaseAnalyticsWithoutAdIdSupport in Frameworks */,
				7F5542DB2C01198600FEA7B4 /* FirebaseAuth in Frameworks */,
				7F5542DF2C01198600FEA7B4 /* FirebaseCrashlytics in Frameworks */,
				7F5542FF2C01198600FEA7B4 /* FirebaseRemoteConfigSwift in Frameworks */,
				7F5542F12C01198600FEA7B4 /* FirebaseInAppMessaging-Beta in Frameworks */,
				7F5542E32C01198600FEA7B4 /* FirebaseDatabaseSwift in Frameworks */,
				7F5542ED2C01198600FEA7B4 /* FirebaseFunctions in Frameworks */,
				7F5543032C01198600FEA7B4 /* FirebaseStorageCombine-Community in Frameworks */,
				7F5542FD2C01198600FEA7B4 /* FirebaseRemoteConfig in Frameworks */,
				7F5542D92C01198600FEA7B4 /* FirebaseAppDistribution-Beta in Frameworks */,
				7F5542DD2C01198600FEA7B4 /* FirebaseAuthCombine-Community in Frameworks */,
				7F5542FB2C01198600FEA7B4 /* FirebasePerformance in Frameworks */,
				7F5542F32C01198600FEA7B4 /* FirebaseInAppMessagingSwift-Beta in Frameworks */,
				7F5543012C01198600FEA7B4 /* FirebaseStorage in Frameworks */,
				7F5542E52C01198600FEA7B4 /* FirebaseDynamicLinks in Frameworks */,
				7F5543052C01198600FEA7B4 /* FirebaseVertexAI-Preview in Frameworks */,
				7F5542E92C01198600FEA7B4 /* FirebaseFirestoreCombine-Community in Frameworks */,
				7F5542F92C01198600FEA7B4 /* FirebaseMessaging in Frameworks */,
				7F5542F52C01198600FEA7B4 /* FirebaseInstallations in Frameworks */,
			);
			runOnlyForDeploymentPostprocessing = 0;
		};
		7F5542A92BFE887100FEA7B4 /* Frameworks */ = {
			isa = PBXFrameworksBuildPhase;
			buildActionMask = 2147483647;
			files = (
			);
			runOnlyForDeploymentPostprocessing = 0;
		};
		7F5542B32BFE887100FEA7B4 /* Frameworks */ = {
			isa = PBXFrameworksBuildPhase;
			buildActionMask = 2147483647;
			files = (
			);
			runOnlyForDeploymentPostprocessing = 0;
		};
/* End PBXFrameworksBuildPhase section */

/* Begin PBXGroup section */
		7F5542932BFE886F00FEA7B4 = {
			isa = PBXGroup;
			children = (
				7F55429E2BFE886F00FEA7B4 /* ToDoListApp */,
				7F5542AF2BFE887100FEA7B4 /* ToDoListAppTests */,
				7F5542B92BFE887100FEA7B4 /* ToDoListAppUITests */,
				7F55429D2BFE886F00FEA7B4 /* Products */,
			);
			sourceTree = "<group>";
		};
		7F55429D2BFE886F00FEA7B4 /* Products */ = {
			isa = PBXGroup;
			children = (
				7F55429C2BFE886F00FEA7B4 /* ToDoListApp.app */,
				7F5542AC2BFE887100FEA7B4 /* ToDoListAppTests.xctest */,
				7F5542B62BFE887100FEA7B4 /* ToDoListAppUITests.xctest */,
			);
			name = Products;
			sourceTree = "<group>";
		};
		7F55429E2BFE886F00FEA7B4 /* ToDoListApp */ = {
			isa = PBXGroup;
			children = (
				7F5543092C011D1E00FEA7B4 /* Other */,
				7F5543082C011D0C00FEA7B4 /* Models */,
				7F5543072C011CE500FEA7B4 /* ViewModels */,
				7F5543062C011CC600FEA7B4 /* Views */,
				7F5542A52BFE887100FEA7B4 /* Preview Content */,
			);
			path = ToDoListApp;
			sourceTree = "<group>";
		};
		7F5542A52BFE887100FEA7B4 /* Preview Content */ = {
			isa = PBXGroup;
			children = (
				7F5542A62BFE887100FEA7B4 /* Preview Assets.xcassets */,
			);
			path = "Preview Content";
			sourceTree = "<group>";
		};
		7F5542AF2BFE887100FEA7B4 /* ToDoListAppTests */ = {
			isa = PBXGroup;
			children = (
				7F5542B02BFE887100FEA7B4 /* ToDoListAppTests.swift */,
			);
			path = ToDoListAppTests;
			sourceTree = "<group>";
		};
		7F5542B92BFE887100FEA7B4 /* ToDoListAppUITests */ = {
			isa = PBXGroup;
			children = (
				7F5542BA2BFE887100FEA7B4 /* ToDoListAppUITests.swift */,
				7F5542BC2BFE887100FEA7B4 /* ToDoListAppUITestsLaunchTests.swift */,
			);
			path = ToDoListAppUITests;
			sourceTree = "<group>";
		};
		7F5543062C011CC600FEA7B4 /* Views */ = {
			isa = PBXGroup;
			children = (
				7F5542A12BFE886F00FEA7B4 /* MainView.swift */,
				7F55430A2C011E7D00FEA7B4 /* ProfilView.swift */,
				7F55430C2C011E9700FEA7B4 /* ToDoListItemView.swift */,
				7F55430E2C011EB400FEA7B4 /* NewItemView.swift */,
				7F5543102C011EBE00FEA7B4 /* LoginView.swift */,
				7F5543122C011EC700FEA7B4 /* RegisterView.swift */,
				7F5543142C011F1300FEA7B4 /* ToDoListView.swift */,
				7F5543282C01289200FEA7B4 /* HeaderView.swift */,
				7F55432A2C03D05400FEA7B4 /* TLButton.swift */,
			);
			path = Views;
			sourceTree = "<group>";
		};
		7F5543072C011CE500FEA7B4 /* ViewModels */ = {
			isa = PBXGroup;
			children = (
				7F55431A2C011FB100FEA7B4 /* MainViewViewModel.swift */,
				7F55431C2C011FC400FEA7B4 /* ProfilViewViewModel.swift */,
				7F5543202C011FED00FEA7B4 /* NewItemViewViewModel.swift */,
				7F5543222C011FFD00FEA7B4 /* LoginViewViewModel.swift */,
				7F5543242C01200A00FEA7B4 /* RegisterViewViewModel.swift */,
				7F5543262C01201C00FEA7B4 /* ToDoListViewViewModel.swift */,
				7F55431E2C011FD800FEA7B4 /* ToDoListItemViewViewModel.swift */,
			);
			path = ViewModels;
			sourceTree = "<group>";
		};
		7F5543082C011D0C00FEA7B4 /* Models */ = {
			isa = PBXGroup;
			children = (
				7F5543162C011F4A00FEA7B4 /* User.swift */,
				7F5543182C011F6100FEA7B4 /* ToDoListItem.swift */,
			);
			path = Models;
			sourceTree = "<group>";
		};
		7F5543092C011D1E00FEA7B4 /* Other */ = {
			isa = PBXGroup;
			children = (
				7F5542CB2BFE8B7100FEA7B4 /* GoogleService-Info.plist */,
				7F55429F2BFE886F00FEA7B4 /* ToDoListAppApp.swift */,
				7F5542A32BFE887100FEA7B4 /* Assets.xcassets */,
				7F55432C2C05185000FEA7B4 /* Extensions.swift */,
			);
			path = Other;
			sourceTree = "<group>";
		};
/* End PBXGroup section */

/* Begin PBXNativeTarget section */
		7F55429B2BFE886F00FEA7B4 /* ToDoListApp */ = {
			isa = PBXNativeTarget;
			buildConfigurationList = 7F5542C02BFE887100FEA7B4 /* Build configuration list for PBXNativeTarget "ToDoListApp" */;
			buildPhases = (
				7F5542982BFE886F00FEA7B4 /* Sources */,
				7F5542992BFE886F00FEA7B4 /* Frameworks */,
				7F55429A2BFE886F00FEA7B4 /* Resources */,
			);
			buildRules = (
			);
			dependencies = (
			);
			name = ToDoListApp;
			packageProductDependencies = (
				7F5542CE2C01198600FEA7B4 /* FirebaseAnalytics */,
				7F5542D02C01198600FEA7B4 /* FirebaseAnalyticsOnDeviceConversion */,
				7F5542D22C01198600FEA7B4 /* FirebaseAnalyticsSwift */,
				7F5542D42C01198600FEA7B4 /* FirebaseAnalyticsWithoutAdIdSupport */,
				7F5542D62C01198600FEA7B4 /* FirebaseAppCheck */,
				7F5542D82C01198600FEA7B4 /* FirebaseAppDistribution-Beta */,
				7F5542DA2C01198600FEA7B4 /* FirebaseAuth */,
				7F5542DC2C01198600FEA7B4 /* FirebaseAuthCombine-Community */,
				7F5542DE2C01198600FEA7B4 /* FirebaseCrashlytics */,
				7F5542E02C01198600FEA7B4 /* FirebaseDatabase */,
				7F5542E22C01198600FEA7B4 /* FirebaseDatabaseSwift */,
				7F5542E42C01198600FEA7B4 /* FirebaseDynamicLinks */,
				7F5542E62C01198600FEA7B4 /* FirebaseFirestore */,
				7F5542E82C01198600FEA7B4 /* FirebaseFirestoreCombine-Community */,
				7F5542EA2C01198600FEA7B4 /* FirebaseFirestoreSwift */,
				7F5542EC2C01198600FEA7B4 /* FirebaseFunctions */,
				7F5542EE2C01198600FEA7B4 /* FirebaseFunctionsCombine-Community */,
				7F5542F02C01198600FEA7B4 /* FirebaseInAppMessaging-Beta */,
				7F5542F22C01198600FEA7B4 /* FirebaseInAppMessagingSwift-Beta */,
				7F5542F42C01198600FEA7B4 /* FirebaseInstallations */,
				7F5542F62C01198600FEA7B4 /* FirebaseMLModelDownloader */,
				7F5542F82C01198600FEA7B4 /* FirebaseMessaging */,
				7F5542FA2C01198600FEA7B4 /* FirebasePerformance */,
				7F5542FC2C01198600FEA7B4 /* FirebaseRemoteConfig */,
				7F5542FE2C01198600FEA7B4 /* FirebaseRemoteConfigSwift */,
				7F5543002C01198600FEA7B4 /* FirebaseStorage */,
				7F5543022C01198600FEA7B4 /* FirebaseStorageCombine-Community */,
				7F5543042C01198600FEA7B4 /* FirebaseVertexAI-Preview */,
			);
			productName = ToDoListApp;
			productReference = 7F55429C2BFE886F00FEA7B4 /* ToDoListApp.app */;
			productType = "com.apple.product-type.application";
		};
		7F5542AB2BFE887100FEA7B4 /* ToDoListAppTests */ = {
			isa = PBXNativeTarget;
			buildConfigurationList = 7F5542C32BFE887100FEA7B4 /* Build configuration list for PBXNativeTarget "ToDoListAppTests" */;
			buildPhases = (
				7F5542A82BFE887100FEA7B4 /* Sources */,
				7F5542A92BFE887100FEA7B4 /* Frameworks */,
				7F5542AA2BFE887100FEA7B4 /* Resources */,
			);
			buildRules = (
			);
			dependencies = (
				7F5542AE2BFE887100FEA7B4 /* PBXTargetDependency */,
			);
			name = ToDoListAppTests;
			productName = ToDoListAppTests;
			productReference = 7F5542AC2BFE887100FEA7B4 /* ToDoListAppTests.xctest */;
			productType = "com.apple.product-type.bundle.unit-test";
		};
		7F5542B52BFE887100FEA7B4 /* ToDoListAppUITests */ = {
			isa = PBXNativeTarget;
			buildConfigurationList = 7F5542C62BFE887100FEA7B4 /* Build configuration list for PBXNativeTarget "ToDoListAppUITests" */;
			buildPhases = (
				7F5542B22BFE887100FEA7B4 /* Sources */,
				7F5542B32BFE887100FEA7B4 /* Frameworks */,
				7F5542B42BFE887100FEA7B4 /* Resources */,
			);
			buildRules = (
			);
			dependencies = (
				7F5542B82BFE887100FEA7B4 /* PBXTargetDependency */,
			);
			name = ToDoListAppUITests;
			productName = ToDoListAppUITests;
			productReference = 7F5542B62BFE887100FEA7B4 /* ToDoListAppUITests.xctest */;
			productType = "com.apple.product-type.bundle.ui-testing";
		};
/* End PBXNativeTarget section */

/* Begin PBXProject section */
		7F5542942BFE886F00FEA7B4 /* Project object */ = {
			isa = PBXProject;
			attributes = {
				BuildIndependentTargetsInParallel = 1;
				LastSwiftUpdateCheck = 1500;
				LastUpgradeCheck = 1500;
				TargetAttributes = {
					7F55429B2BFE886F00FEA7B4 = {
						CreatedOnToolsVersion = 15.0.1;
					};
					7F5542AB2BFE887100FEA7B4 = {
						CreatedOnToolsVersion = 15.0.1;
						TestTargetID = 7F55429B2BFE886F00FEA7B4;
					};
					7F5542B52BFE887100FEA7B4 = {
						CreatedOnToolsVersion = 15.0.1;
						TestTargetID = 7F55429B2BFE886F00FEA7B4;
					};
				};
			};
			buildConfigurationList = 7F5542972BFE886F00FEA7B4 /* Build configuration list for PBXProject "ToDoListApp" */;
			compatibilityVersion = "Xcode 14.0";
			developmentRegion = en;
			hasScannedForEncodings = 0;
			knownRegions = (
				en,
				Base,
			);
			mainGroup = 7F5542932BFE886F00FEA7B4;
			packageReferences = (
				7F5542CD2C0108CF00FEA7B4 /* XCRemoteSwiftPackageReference "firebase-ios-sdk" */,
			);
			productRefGroup = 7F55429D2BFE886F00FEA7B4 /* Products */;
			projectDirPath = "";
			projectRoot = "";
			targets = (
				7F55429B2BFE886F00FEA7B4 /* ToDoListApp */,
				7F5542AB2BFE887100FEA7B4 /* ToDoListAppTests */,
				7F5542B52BFE887100FEA7B4 /* ToDoListAppUITests */,
			);
		};
/* End PBXProject section */

/* Begin PBXResourcesBuildPhase section */
		7F55429A2BFE886F00FEA7B4 /* Resources */ = {
			isa = PBXResourcesBuildPhase;
			buildActionMask = 2147483647;
			files = (
				7F5542A72BFE887100FEA7B4 /* Preview Assets.xcassets in Resources */,
				7F5542A42BFE887100FEA7B4 /* Assets.xcassets in Resources */,
				7F5542CC2BFE8B7100FEA7B4 /* GoogleService-Info.plist in Resources */,
			);
			runOnlyForDeploymentPostprocessing = 0;
		};
		7F5542AA2BFE887100FEA7B4 /* Resources */ = {
			isa = PBXResourcesBuildPhase;
			buildActionMask = 2147483647;
			files = (
			);
			runOnlyForDeploymentPostprocessing = 0;
		};
		7F5542B42BFE887100FEA7B4 /* Resources */ = {
			isa = PBXResourcesBuildPhase;
			buildActionMask = 2147483647;
			files = (
			);
			runOnlyForDeploymentPostprocessing = 0;
		};
/* End PBXResourcesBuildPhase section */

/* Begin PBXSourcesBuildPhase section */
		7F5542982BFE886F00FEA7B4 /* Sources */ = {
			isa = PBXSourcesBuildPhase;
			buildActionMask = 2147483647;
			files = (
				7F5543112C011EBE00FEA7B4 /* LoginView.swift in Sources */,
				7F5543292C01289200FEA7B4 /* HeaderView.swift in Sources */,
				7F5542A22BFE886F00FEA7B4 /* MainView.swift in Sources */,
				7F5543252C01200A00FEA7B4 /* RegisterViewViewModel.swift in Sources */,
				7F55431B2C011FB100FEA7B4 /* MainViewViewModel.swift in Sources */,
				7F5543152C011F1300FEA7B4 /* ToDoListView.swift in Sources */,
				7F55430D2C011E9700FEA7B4 /* ToDoListItemView.swift in Sources */,
				7F55432B2C03D05400FEA7B4 /* TLButton.swift in Sources */,
				7F5543132C011EC700FEA7B4 /* RegisterView.swift in Sources */,
				7F5543172C011F4A00FEA7B4 /* User.swift in Sources */,
				7F5542A02BFE886F00FEA7B4 /* ToDoListAppApp.swift in Sources */,
				7F55430B2C011E7D00FEA7B4 /* ProfilView.swift in Sources */,
				7F55431F2C011FD800FEA7B4 /* ToDoListItemViewViewModel.swift in Sources */,
				7F5543232C011FFD00FEA7B4 /* LoginViewViewModel.swift in Sources */,
				7F5543272C01201C00FEA7B4 /* ToDoListViewViewModel.swift in Sources */,
				7F55432D2C05185000FEA7B4 /* Extensions.swift in Sources */,
				7F5543192C011F6100FEA7B4 /* ToDoListItem.swift in Sources */,
				7F55430F2C011EB400FEA7B4 /* NewItemView.swift in Sources */,
				7F55431D2C011FC400FEA7B4 /* ProfilViewViewModel.swift in Sources */,
				7F5543212C011FED00FEA7B4 /* NewItemViewViewModel.swift in Sources */,
			);
			runOnlyForDeploymentPostprocessing = 0;
		};
		7F5542A82BFE887100FEA7B4 /* Sources */ = {
			isa = PBXSourcesBuildPhase;
			buildActionMask = 2147483647;
			files = (
				7F5542B12BFE887100FEA7B4 /* ToDoListAppTests.swift in Sources */,
			);
			runOnlyForDeploymentPostprocessing = 0;
		};
		7F5542B22BFE887100FEA7B4 /* Sources */ = {
			isa = PBXSourcesBuildPhase;
			buildActionMask = 2147483647;
			files = (
				7F5542BD2BFE887100FEA7B4 /* ToDoListAppUITestsLaunchTests.swift in Sources */,
				7F5542BB2BFE887100FEA7B4 /* ToDoListAppUITests.swift in Sources */,
			);
			runOnlyForDeploymentPostprocessing = 0;
		};
/* End PBXSourcesBuildPhase section */

/* Begin PBXTargetDependency section */
		7F5542AE2BFE887100FEA7B4 /* PBXTargetDependency */ = {
			isa = PBXTargetDependency;
			target = 7F55429B2BFE886F00FEA7B4 /* ToDoListApp */;
			targetProxy = 7F5542AD2BFE887100FEA7B4 /* PBXContainerItemProxy */;
		};
		7F5542B82BFE887100FEA7B4 /* PBXTargetDependency */ = {
			isa = PBXTargetDependency;
			target = 7F55429B2BFE886F00FEA7B4 /* ToDoListApp */;
			targetProxy = 7F5542B72BFE887100FEA7B4 /* PBXContainerItemProxy */;
		};
/* End PBXTargetDependency section */

/* Begin XCBuildConfiguration section */
		7F5542BE2BFE887100FEA7B4 /* Debug */ = {
			isa = XCBuildConfiguration;
			buildSettings = {
				ALWAYS_SEARCH_USER_PATHS = NO;
				ASSETCATALOG_COMPILER_GENERATE_SWIFT_ASSET_SYMBOL_EXTENSIONS = YES;
				CLANG_ANALYZER_NONNULL = YES;
				CLANG_ANALYZER_NUMBER_OBJECT_CONVERSION = YES_AGGRESSIVE;
				CLANG_CXX_LANGUAGE_STANDARD = "gnu++20";
				CLANG_ENABLE_MODULES = YES;
				CLANG_ENABLE_OBJC_ARC = YES;
				CLANG_ENABLE_OBJC_WEAK = YES;
				CLANG_WARN_BLOCK_CAPTURE_AUTORELEASING = YES;
				CLANG_WARN_BOOL_CONVERSION = YES;
				CLANG_WARN_COMMA = YES;
				CLANG_WARN_CONSTANT_CONVERSION = YES;
				CLANG_WARN_DEPRECATED_OBJC_IMPLEMENTATIONS = YES;
				CLANG_WARN_DIRECT_OBJC_ISA_USAGE = YES_ERROR;
				CLANG_WARN_DOCUMENTATION_COMMENTS = YES;
				CLANG_WARN_EMPTY_BODY = YES;
				CLANG_WARN_ENUM_CONVERSION = YES;
				CLANG_WARN_INFINITE_RECURSION = YES;
				CLANG_WARN_INT_CONVERSION = YES;
				CLANG_WARN_NON_LITERAL_NULL_CONVERSION = YES;
				CLANG_WARN_OBJC_IMPLICIT_RETAIN_SELF = YES;
				CLANG_WARN_OBJC_LITERAL_CONVERSION = YES;
				CLANG_WARN_OBJC_ROOT_CLASS = YES_ERROR;
				CLANG_WARN_QUOTED_INCLUDE_IN_FRAMEWORK_HEADER = YES;
				CLANG_WARN_RANGE_LOOP_ANALYSIS = YES;
				CLANG_WARN_STRICT_PROTOTYPES = YES;
				CLANG_WARN_SUSPICIOUS_MOVE = YES;
				CLANG_WARN_UNGUARDED_AVAILABILITY = YES_AGGRESSIVE;
				CLANG_WARN_UNREACHABLE_CODE = YES;
				CLANG_WARN__DUPLICATE_METHOD_MATCH = YES;
				COPY_PHASE_STRIP = NO;
				DEBUG_INFORMATION_FORMAT = dwarf;
				ENABLE_STRICT_OBJC_MSGSEND = YES;
				ENABLE_TESTABILITY = YES;
				ENABLE_USER_SCRIPT_SANDBOXING = YES;
				GCC_C_LANGUAGE_STANDARD = gnu17;
				GCC_DYNAMIC_NO_PIC = NO;
				GCC_NO_COMMON_BLOCKS = YES;
				GCC_OPTIMIZATION_LEVEL = 0;
				GCC_PREPROCESSOR_DEFINITIONS = (
					"DEBUG=1",
					"$(inherited)",
				);
				GCC_WARN_64_TO_32_BIT_CONVERSION = YES;
				GCC_WARN_ABOUT_RETURN_TYPE = YES_ERROR;
				GCC_WARN_UNDECLARED_SELECTOR = YES;
				GCC_WARN_UNINITIALIZED_AUTOS = YES_AGGRESSIVE;
				GCC_WARN_UNUSED_FUNCTION = YES;
				GCC_WARN_UNUSED_VARIABLE = YES;
				IPHONEOS_DEPLOYMENT_TARGET = 17.0;
				LOCALIZATION_PREFERS_STRING_CATALOGS = YES;
				MTL_ENABLE_DEBUG_INFO = INCLUDE_SOURCE;
				MTL_FAST_MATH = YES;
				ONLY_ACTIVE_ARCH = YES;
				SDKROOT = iphoneos;
				SWIFT_ACTIVE_COMPILATION_CONDITIONS = "DEBUG $(inherited)";
				SWIFT_OPTIMIZATION_LEVEL = "-Onone";
			};
			name = Debug;
		};
		7F5542BF2BFE887100FEA7B4 /* Release */ = {
			isa = XCBuildConfiguration;
			buildSettings = {
				ALWAYS_SEARCH_USER_PATHS = NO;
				ASSETCATALOG_COMPILER_GENERATE_SWIFT_ASSET_SYMBOL_EXTENSIONS = YES;
				CLANG_ANALYZER_NONNULL = YES;
				CLANG_ANALYZER_NUMBER_OBJECT_CONVERSION = YES_AGGRESSIVE;
				CLANG_CXX_LANGUAGE_STANDARD = "gnu++20";
				CLANG_ENABLE_MODULES = YES;
				CLANG_ENABLE_OBJC_ARC = YES;
				CLANG_ENABLE_OBJC_WEAK = YES;
				CLANG_WARN_BLOCK_CAPTURE_AUTORELEASING = YES;
				CLANG_WARN_BOOL_CONVERSION = YES;
				CLANG_WARN_COMMA = YES;
				CLANG_WARN_CONSTANT_CONVERSION = YES;
				CLANG_WARN_DEPRECATED_OBJC_IMPLEMENTATIONS = YES;
				CLANG_WARN_DIRECT_OBJC_ISA_USAGE = YES_ERROR;
				CLANG_WARN_DOCUMENTATION_COMMENTS = YES;
				CLANG_WARN_EMPTY_BODY = YES;
				CLANG_WARN_ENUM_CONVERSION = YES;
				CLANG_WARN_INFINITE_RECURSION = YES;
				CLANG_WARN_INT_CONVERSION = YES;
				CLANG_WARN_NON_LITERAL_NULL_CONVERSION = YES;
				CLANG_WARN_OBJC_IMPLICIT_RETAIN_SELF = YES;
				CLANG_WARN_OBJC_LITERAL_CONVERSION = YES;
				CLANG_WARN_OBJC_ROOT_CLASS = YES_ERROR;
				CLANG_WARN_QUOTED_INCLUDE_IN_FRAMEWORK_HEADER = YES;
				CLANG_WARN_RANGE_LOOP_ANALYSIS = YES;
				CLANG_WARN_STRICT_PROTOTYPES = YES;
				CLANG_WARN_SUSPICIOUS_MOVE = YES;
				CLANG_WARN_UNGUARDED_AVAILABILITY = YES_AGGRESSIVE;
				CLANG_WARN_UNREACHABLE_CODE = YES;
				CLANG_WARN__DUPLICATE_METHOD_MATCH = YES;
				COPY_PHASE_STRIP = NO;
				DEBUG_INFORMATION_FORMAT = "dwarf-with-dsym";
				ENABLE_NS_ASSERTIONS = NO;
				ENABLE_STRICT_OBJC_MSGSEND = YES;
				ENABLE_USER_SCRIPT_SANDBOXING = YES;
				GCC_C_LANGUAGE_STANDARD = gnu17;
				GCC_NO_COMMON_BLOCKS = YES;
				GCC_WARN_64_TO_32_BIT_CONVERSION = YES;
				GCC_WARN_ABOUT_RETURN_TYPE = YES_ERROR;
				GCC_WARN_UNDECLARED_SELECTOR = YES;
				GCC_WARN_UNINITIALIZED_AUTOS = YES_AGGRESSIVE;
				GCC_WARN_UNUSED_FUNCTION = YES;
				GCC_WARN_UNUSED_VARIABLE = YES;
				IPHONEOS_DEPLOYMENT_TARGET = 17.0;
				LOCALIZATION_PREFERS_STRING_CATALOGS = YES;
				MTL_ENABLE_DEBUG_INFO = NO;
				MTL_FAST_MATH = YES;
				SDKROOT = iphoneos;
				SWIFT_COMPILATION_MODE = wholemodule;
				VALIDATE_PRODUCT = YES;
			};
			name = Release;
		};
		7F5542C12BFE887100FEA7B4 /* Debug */ = {
			isa = XCBuildConfiguration;
			buildSettings = {
				ASSETCATALOG_COMPILER_APPICON_NAME = AppIcon;
				ASSETCATALOG_COMPILER_GLOBAL_ACCENT_COLOR_NAME = AccentColor;
				CODE_SIGN_STYLE = Automatic;
				CURRENT_PROJECT_VERSION = 1;
				DEVELOPMENT_ASSET_PATHS = "\"ToDoListApp/Preview Content\"";
				ENABLE_PREVIEWS = YES;
				GENERATE_INFOPLIST_FILE = YES;
				INFOPLIST_KEY_UIApplicationSceneManifest_Generation = YES;
				INFOPLIST_KEY_UIApplicationSupportsIndirectInputEvents = YES;
				INFOPLIST_KEY_UILaunchScreen_Generation = YES;
				INFOPLIST_KEY_UISupportedInterfaceOrientations_iPad = "UIInterfaceOrientationPortrait UIInterfaceOrientationPortraitUpsideDown UIInterfaceOrientationLandscapeLeft UIInterfaceOrientationLandscapeRight";
				INFOPLIST_KEY_UISupportedInterfaceOrientations_iPhone = "UIInterfaceOrientationPortrait UIInterfaceOrientationLandscapeLeft UIInterfaceOrientationLandscapeRight";
				LD_RUNPATH_SEARCH_PATHS = (
					"$(inherited)",
					"@executable_path/Frameworks",
				);
				MARKETING_VERSION = 1.0;
				PRODUCT_BUNDLE_IDENTIFIER = Mounir.ToDoListApp;
				PRODUCT_NAME = "$(TARGET_NAME)";
				SWIFT_EMIT_LOC_STRINGS = YES;
				SWIFT_VERSION = 5.0;
				TARGETED_DEVICE_FAMILY = "1,2";
			};
			name = Debug;
		};
		7F5542C22BFE887100FEA7B4 /* Release */ = {
			isa = XCBuildConfiguration;
			buildSettings = {
				ASSETCATALOG_COMPILER_APPICON_NAME = AppIcon;
				ASSETCATALOG_COMPILER_GLOBAL_ACCENT_COLOR_NAME = AccentColor;
				CODE_SIGN_STYLE = Automatic;
				CURRENT_PROJECT_VERSION = 1;
				DEVELOPMENT_ASSET_PATHS = "\"ToDoListApp/Preview Content\"";
				ENABLE_PREVIEWS = YES;
				GENERATE_INFOPLIST_FILE = YES;
				INFOPLIST_KEY_UIApplicationSceneManifest_Generation = YES;
				INFOPLIST_KEY_UIApplicationSupportsIndirectInputEvents = YES;
				INFOPLIST_KEY_UILaunchScreen_Generation = YES;
				INFOPLIST_KEY_UISupportedInterfaceOrientations_iPad = "UIInterfaceOrientationPortrait UIInterfaceOrientationPortraitUpsideDown UIInterfaceOrientationLandscapeLeft UIInterfaceOrientationLandscapeRight";
				INFOPLIST_KEY_UISupportedInterfaceOrientations_iPhone = "UIInterfaceOrientationPortrait UIInterfaceOrientationLandscapeLeft UIInterfaceOrientationLandscapeRight";
				LD_RUNPATH_SEARCH_PATHS = (
					"$(inherited)",
					"@executable_path/Frameworks",
				);
				MARKETING_VERSION = 1.0;
				PRODUCT_BUNDLE_IDENTIFIER = Mounir.ToDoListApp;
				PRODUCT_NAME = "$(TARGET_NAME)";
				SWIFT_EMIT_LOC_STRINGS = YES;
				SWIFT_VERSION = 5.0;
				TARGETED_DEVICE_FAMILY = "1,2";
			};
			name = Release;
		};
		7F5542C42BFE887100FEA7B4 /* Debug */ = {
			isa = XCBuildConfiguration;
			buildSettings = {
				ALWAYS_EMBED_SWIFT_STANDARD_LIBRARIES = YES;
				BUNDLE_LOADER = "$(TEST_HOST)";
				CODE_SIGN_STYLE = Automatic;
				CURRENT_PROJECT_VERSION = 1;
				GENERATE_INFOPLIST_FILE = YES;
				IPHONEOS_DEPLOYMENT_TARGET = 17.0;
				MARKETING_VERSION = 1.0;
				PRODUCT_BUNDLE_IDENTIFIER = Mounir.ToDoListAppTests;
				PRODUCT_NAME = "$(TARGET_NAME)";
				SWIFT_EMIT_LOC_STRINGS = NO;
				SWIFT_VERSION = 5.0;
				TARGETED_DEVICE_FAMILY = "1,2";
				TEST_HOST = "$(BUILT_PRODUCTS_DIR)/ToDoListApp.app/$(BUNDLE_EXECUTABLE_FOLDER_PATH)/ToDoListApp";
			};
			name = Debug;
		};
		7F5542C52BFE887100FEA7B4 /* Release */ = {
			isa = XCBuildConfiguration;
			buildSettings = {
				ALWAYS_EMBED_SWIFT_STANDARD_LIBRARIES = YES;
				BUNDLE_LOADER = "$(TEST_HOST)";
				CODE_SIGN_STYLE = Automatic;
				CURRENT_PROJECT_VERSION = 1;
				GENERATE_INFOPLIST_FILE = YES;
				IPHONEOS_DEPLOYMENT_TARGET = 17.0;
				MARKETING_VERSION = 1.0;
				PRODUCT_BUNDLE_IDENTIFIER = Mounir.ToDoListAppTests;
				PRODUCT_NAME = "$(TARGET_NAME)";
				SWIFT_EMIT_LOC_STRINGS = NO;
				SWIFT_VERSION = 5.0;
				TARGETED_DEVICE_FAMILY = "1,2";
				TEST_HOST = "$(BUILT_PRODUCTS_DIR)/ToDoListApp.app/$(BUNDLE_EXECUTABLE_FOLDER_PATH)/ToDoListApp";
			};
			name = Release;
		};
		7F5542C72BFE887100FEA7B4 /* Debug */ = {
			isa = XCBuildConfiguration;
			buildSettings = {
				ALWAYS_EMBED_SWIFT_STANDARD_LIBRARIES = YES;
				CODE_SIGN_STYLE = Automatic;
				CURRENT_PROJECT_VERSION = 1;
				GENERATE_INFOPLIST_FILE = YES;
				MARKETING_VERSION = 1.0;
				PRODUCT_BUNDLE_IDENTIFIER = Mounir.ToDoListAppUITests;
				PRODUCT_NAME = "$(TARGET_NAME)";
				SWIFT_EMIT_LOC_STRINGS = NO;
				SWIFT_VERSION = 5.0;
				TARGETED_DEVICE_FAMILY = "1,2";
				TEST_TARGET_NAME = ToDoListApp;
			};
			name = Debug;
		};
		7F5542C82BFE887100FEA7B4 /* Release */ = {
			isa = XCBuildConfiguration;
			buildSettings = {
				ALWAYS_EMBED_SWIFT_STANDARD_LIBRARIES = YES;
				CODE_SIGN_STYLE = Automatic;
				CURRENT_PROJECT_VERSION = 1;
				GENERATE_INFOPLIST_FILE = YES;
				MARKETING_VERSION = 1.0;
				PRODUCT_BUNDLE_IDENTIFIER = Mounir.ToDoListAppUITests;
				PRODUCT_NAME = "$(TARGET_NAME)";
				SWIFT_EMIT_LOC_STRINGS = NO;
				SWIFT_VERSION = 5.0;
				TARGETED_DEVICE_FAMILY = "1,2";
				TEST_TARGET_NAME = ToDoListApp;
			};
			name = Release;
		};
/* End XCBuildConfiguration section */

/* Begin XCConfigurationList section */
		7F5542972BFE886F00FEA7B4 /* Build configuration list for PBXProject "ToDoListApp" */ = {
			isa = XCConfigurationList;
			buildConfigurations = (
				7F5542BE2BFE887100FEA7B4 /* Debug */,
				7F5542BF2BFE887100FEA7B4 /* Release */,
			);
			defaultConfigurationIsVisible = 0;
			defaultConfigurationName = Release;
		};
		7F5542C02BFE887100FEA7B4 /* Build configuration list for PBXNativeTarget "ToDoListApp" */ = {
			isa = XCConfigurationList;
			buildConfigurations = (
				7F5542C12BFE887100FEA7B4 /* Debug */,
				7F5542C22BFE887100FEA7B4 /* Release */,
			);
			defaultConfigurationIsVisible = 0;
			defaultConfigurationName = Release;
		};
		7F5542C32BFE887100FEA7B4 /* Build configuration list for PBXNativeTarget "ToDoListAppTests" */ = {
			isa = XCConfigurationList;
			buildConfigurations = (
				7F5542C42BFE887100FEA7B4 /* Debug */,
				7F5542C52BFE887100FEA7B4 /* Release */,
			);
			defaultConfigurationIsVisible = 0;
			defaultConfigurationName = Release;
		};
		7F5542C62BFE887100FEA7B4 /* Build configuration list for PBXNativeTarget "ToDoListAppUITests" */ = {
			isa = XCConfigurationList;
			buildConfigurations = (
				7F5542C72BFE887100FEA7B4 /* Debug */,
				7F5542C82BFE887100FEA7B4 /* Release */,
			);
			defaultConfigurationIsVisible = 0;
			defaultConfigurationName = Release;
		};
/* End XCConfigurationList section */

/* Begin XCRemoteSwiftPackageReference section */
		7F5542CD2C0108CF00FEA7B4 /* XCRemoteSwiftPackageReference "firebase-ios-sdk" */ = {
			isa = XCRemoteSwiftPackageReference;
			repositoryURL = "https://github.com/firebase/firebase-ios-sdk";
			requirement = {
				kind = upToNextMajorVersion;
				minimumVersion = 10.26.0;
			};
		};
/* End XCRemoteSwiftPackageReference section */

/* Begin XCSwiftPackageProductDependency section */
		7F5542CE2C01198600FEA7B4 /* FirebaseAnalytics */ = {
			isa = XCSwiftPackageProductDependency;
			package = 7F5542CD2C0108CF00FEA7B4 /* XCRemoteSwiftPackageReference "firebase-ios-sdk" */;
			productName = FirebaseAnalytics;
		};
		7F5542D02C01198600FEA7B4 /* FirebaseAnalyticsOnDeviceConversion */ = {
			isa = XCSwiftPackageProductDependency;
			package = 7F5542CD2C0108CF00FEA7B4 /* XCRemoteSwiftPackageReference "firebase-ios-sdk" */;
			productName = FirebaseAnalyticsOnDeviceConversion;
		};
		7F5542D22C01198600FEA7B4 /* FirebaseAnalyticsSwift */ = {
			isa = XCSwiftPackageProductDependency;
			package = 7F5542CD2C0108CF00FEA7B4 /* XCRemoteSwiftPackageReference "firebase-ios-sdk" */;
			productName = FirebaseAnalyticsSwift;
		};
		7F5542D42C01198600FEA7B4 /* FirebaseAnalyticsWithoutAdIdSupport */ = {
			isa = XCSwiftPackageProductDependency;
			package = 7F5542CD2C0108CF00FEA7B4 /* XCRemoteSwiftPackageReference "firebase-ios-sdk" */;
			productName = FirebaseAnalyticsWithoutAdIdSupport;
		};
		7F5542D62C01198600FEA7B4 /* FirebaseAppCheck */ = {
			isa = XCSwiftPackageProductDependency;
			package = 7F5542CD2C0108CF00FEA7B4 /* XCRemoteSwiftPackageReference "firebase-ios-sdk" */;
			productName = FirebaseAppCheck;
		};
		7F5542D82C01198600FEA7B4 /* FirebaseAppDistribution-Beta */ = {
			isa = XCSwiftPackageProductDependency;
			package = 7F5542CD2C0108CF00FEA7B4 /* XCRemoteSwiftPackageReference "firebase-ios-sdk" */;
			productName = "FirebaseAppDistribution-Beta";
		};
		7F5542DA2C01198600FEA7B4 /* FirebaseAuth */ = {
			isa = XCSwiftPackageProductDependency;
			package = 7F5542CD2C0108CF00FEA7B4 /* XCRemoteSwiftPackageReference "firebase-ios-sdk" */;
			productName = FirebaseAuth;
		};
		7F5542DC2C01198600FEA7B4 /* FirebaseAuthCombine-Community */ = {
			isa = XCSwiftPackageProductDependency;
			package = 7F5542CD2C0108CF00FEA7B4 /* XCRemoteSwiftPackageReference "firebase-ios-sdk" */;
			productName = "FirebaseAuthCombine-Community";
		};
		7F5542DE2C01198600FEA7B4 /* FirebaseCrashlytics */ = {
			isa = XCSwiftPackageProductDependency;
			package = 7F5542CD2C0108CF00FEA7B4 /* XCRemoteSwiftPackageReference "firebase-ios-sdk" */;
			productName = FirebaseCrashlytics;
		};
		7F5542E02C01198600FEA7B4 /* FirebaseDatabase */ = {
			isa = XCSwiftPackageProductDependency;
			package = 7F5542CD2C0108CF00FEA7B4 /* XCRemoteSwiftPackageReference "firebase-ios-sdk" */;
			productName = FirebaseDatabase;
		};
		7F5542E22C01198600FEA7B4 /* FirebaseDatabaseSwift */ = {
			isa = XCSwiftPackageProductDependency;
			package = 7F5542CD2C0108CF00FEA7B4 /* XCRemoteSwiftPackageReference "firebase-ios-sdk" */;
			productName = FirebaseDatabaseSwift;
		};
		7F5542E42C01198600FEA7B4 /* FirebaseDynamicLinks */ = {
			isa = XCSwiftPackageProductDependency;
			package = 7F5542CD2C0108CF00FEA7B4 /* XCRemoteSwiftPackageReference "firebase-ios-sdk" */;
			productName = FirebaseDynamicLinks;
		};
		7F5542E62C01198600FEA7B4 /* FirebaseFirestore */ = {
			isa = XCSwiftPackageProductDependency;
			package = 7F5542CD2C0108CF00FEA7B4 /* XCRemoteSwiftPackageReference "firebase-ios-sdk" */;
			productName = FirebaseFirestore;
		};
		7F5542E82C01198600FEA7B4 /* FirebaseFirestoreCombine-Community */ = {
			isa = XCSwiftPackageProductDependency;
			package = 7F5542CD2C0108CF00FEA7B4 /* XCRemoteSwiftPackageReference "firebase-ios-sdk" */;
			productName = "FirebaseFirestoreCombine-Community";
		};
		7F5542EA2C01198600FEA7B4 /* FirebaseFirestoreSwift */ = {
			isa = XCSwiftPackageProductDependency;
			package = 7F5542CD2C0108CF00FEA7B4 /* XCRemoteSwiftPackageReference "firebase-ios-sdk" */;
			productName = FirebaseFirestoreSwift;
		};
		7F5542EC2C01198600FEA7B4 /* FirebaseFunctions */ = {
			isa = XCSwiftPackageProductDependency;
			package = 7F5542CD2C0108CF00FEA7B4 /* XCRemoteSwiftPackageReference "firebase-ios-sdk" */;
			productName = FirebaseFunctions;
		};
		7F5542EE2C01198600FEA7B4 /* FirebaseFunctionsCombine-Community */ = {
			isa = XCSwiftPackageProductDependency;
			package = 7F5542CD2C0108CF00FEA7B4 /* XCRemoteSwiftPackageReference "firebase-ios-sdk" */;
			productName = "FirebaseFunctionsCombine-Community";
		};
		7F5542F02C01198600FEA7B4 /* FirebaseInAppMessaging-Beta */ = {
			isa = XCSwiftPackageProductDependency;
			package = 7F5542CD2C0108CF00FEA7B4 /* XCRemoteSwiftPackageReference "firebase-ios-sdk" */;
			productName = "FirebaseInAppMessaging-Beta";
		};
		7F5542F22C01198600FEA7B4 /* FirebaseInAppMessagingSwift-Beta */ = {
			isa = XCSwiftPackageProductDependency;
			package = 7F5542CD2C0108CF00FEA7B4 /* XCRemoteSwiftPackageReference "firebase-ios-sdk" */;
			productName = "FirebaseInAppMessagingSwift-Beta";
		};
		7F5542F42C01198600FEA7B4 /* FirebaseInstallations */ = {
			isa = XCSwiftPackageProductDependency;
			package = 7F5542CD2C0108CF00FEA7B4 /* XCRemoteSwiftPackageReference "firebase-ios-sdk" */;
			productName = FirebaseInstallations;
		};
		7F5542F62C01198600FEA7B4 /* FirebaseMLModelDownloader */ = {
			isa = XCSwiftPackageProductDependency;
			package = 7F5542CD2C0108CF00FEA7B4 /* XCRemoteSwiftPackageReference "firebase-ios-sdk" */;
			productName = FirebaseMLModelDownloader;
		};
		7F5542F82C01198600FEA7B4 /* FirebaseMessaging */ = {
			isa = XCSwiftPackageProductDependency;
			package = 7F5542CD2C0108CF00FEA7B4 /* XCRemoteSwiftPackageReference "firebase-ios-sdk" */;
			productName = FirebaseMessaging;
		};
		7F5542FA2C01198600FEA7B4 /* FirebasePerformance */ = {
			isa = XCSwiftPackageProductDependency;
			package = 7F5542CD2C0108CF00FEA7B4 /* XCRemoteSwiftPackageReference "firebase-ios-sdk" */;
			productName = FirebasePerformance;
		};
		7F5542FC2C01198600FEA7B4 /* FirebaseRemoteConfig */ = {
			isa = XCSwiftPackageProductDependency;
			package = 7F5542CD2C0108CF00FEA7B4 /* XCRemoteSwiftPackageReference "firebase-ios-sdk" */;
			productName = FirebaseRemoteConfig;
		};
		7F5542FE2C01198600FEA7B4 /* FirebaseRemoteConfigSwift */ = {
			isa = XCSwiftPackageProductDependency;
			package = 7F5542CD2C0108CF00FEA7B4 /* XCRemoteSwiftPackageReference "firebase-ios-sdk" */;
			productName = FirebaseRemoteConfigSwift;
		};
		7F5543002C01198600FEA7B4 /* FirebaseStorage */ = {
			isa = XCSwiftPackageProductDependency;
			package = 7F5542CD2C0108CF00FEA7B4 /* XCRemoteSwiftPackageReference "firebase-ios-sdk" */;
			productName = FirebaseStorage;
		};
		7F5543022C01198600FEA7B4 /* FirebaseStorageCombine-Community */ = {
			isa = XCSwiftPackageProductDependency;
			package = 7F5542CD2C0108CF00FEA7B4 /* XCRemoteSwiftPackageReference "firebase-ios-sdk" */;
			productName = "FirebaseStorageCombine-Community";
		};
		7F5543042C01198600FEA7B4 /* FirebaseVertexAI-Preview */ = {
			isa = XCSwiftPackageProductDependency;
			package = 7F5542CD2C0108CF00FEA7B4 /* XCRemoteSwiftPackageReference "firebase-ios-sdk" */;
			productName = "FirebaseVertexAI-Preview";
		};
/* End XCSwiftPackageProductDependency section */
	};
	rootObject = 7F5542942BFE886F00FEA7B4 /* Project object */;
}
